Microsoft Visual Studio Solution File, Format Version 12.00
# Visual Studio Version 17
VisualStudioVersion = 17.5.2.0
MinimumVisualStudioVersion = 10.0.40219.1
Project("{FAE04EC0-301F-11D3-BF4B-00C04F79EFBC}") = "cebolinha", "cebolinha.csproj", "{3CB63112-A5A9-CA75-DB1F-8BA50ED2746C}"
EndProject
Global
	GlobalSection(SolutionConfigurationPlatforms) = preSolution
		Debug|Any CPU = Debug|Any CPU
		Release|Any CPU = Release|Any CPU
	EndGlobalSection
	GlobalSection(ProjectConfigurationPlatforms) = postSolution
		{3CB63112-A5A9-CA75-DB1F-8BA50ED2746C}.Debug|Any CPU.ActiveCfg = Debug|Any CPU
		{3CB63112-A5A9-CA75-DB1F-8BA50ED2746C}.Debug|Any CPU.Build.0 = Debug|Any CPU
		{3CB63112-A5A9-CA75-DB1F-8BA50ED2746C}.Release|Any CPU.ActiveCfg = Release|Any CPU
		{3CB63112-A5A9-CA75-DB1F-8BA50ED2746C}.Release|Any CPU.Build.0 = Release|Any CPU
	EndGlobalSection
	GlobalSection(SolutionProperties) = preSolution
		HideSolutionNode = FALSE
	EndGlobalSection
	GlobalSection(ExtensibilityGlobals) = postSolution
		SolutionGuid = {7E645CF2-EEB7-48D0-9DE5-4964F98DDE2B}
	EndGlobalSection
EndGlobal
